
Microsoft Visual Studio Solution File, Format Version 12.00
# Visual Studio Version 16
VisualStudioVersion = 16.0.31025.194
MinimumVisualStudioVersion = 10.0.40219.1
Project("{8BC9CEB8-8B4A-11D0-8D11-00A0C91BC942}") = "EvolutionCore", "EvolutionCore\EvolutionCore.vcxproj", "{EB21367F-8F9D-4DA3-99E6-447E913E0999}"
EndProject
Project("{8BC9CEB8-8B4A-11D0-8D11-00A0C91BC942}") = "EvolutionServerAPI", "EvolutionServerAPI\EvolutionServerAPI.vcxproj", "{FAFAE300-AE5F-422D-B7E8-431260FD9499}"
EndProject
Global
	GlobalSection(SolutionConfigurationPlatforms) = preSolution
		Debug|x64 = Debug|x64
		Debug|x86 = Debug|x86
		Release|x64 = Release|x64
		Release|x86 = Release|x86
	EndGlobalSection
	GlobalSection(ProjectConfigurationPlatforms) = postSolution
		{EB21367F-8F9D-4DA3-99E6-447E913E0999}.Debug|x64.ActiveCfg = Debug|x64
		{EB21367F-8F9D-4DA3-99E6-447E913E0999}.Debug|x64.Build.0 = Debug|x64
		{EB21367F-8F9D-4DA3-99E6-447E913E0999}.Debug|x86.ActiveCfg = Debug|Win32
		{EB21367F-8F9D-4DA3-99E6-447E913E0999}.Debug|x86.Build.0 = Debug|Win32
		{EB21367F-8F9D-4DA3-99E6-447E913E0999}.Release|x64.ActiveCfg = Release|x64
		{EB21367F-8F9D-4DA3-99E6-447E913E0999}.Release|x64.Build.0 = Release|x64
		{EB21367F-8F9D-4DA3-99E6-447E913E0999}.Release|x86.ActiveCfg = Release|Win32
		{EB21367F-8F9D-4DA3-99E6-447E913E0999}.Release|x86.Build.0 = Release|Win32
		{FAFAE300-AE5F-422D-B7E8-431260FD9499}.Debug|x64.ActiveCfg = Debug|x64
		{FAFAE300-AE5F-422D-B7E8-431260FD9499}.Debug|x64.Build.0 = Debug|x64
		{FAFAE300-AE5F-422D-B7E8-431260FD9499}.Debug|x86.ActiveCfg = Debug|Win32
		{FAFAE300-AE5F-422D-B7E8-431260FD9499}.Debug|x86.Build.0 = Debug|Win32
		{FAFAE300-AE5F-422D-B7E8-431260FD9499}.Release|x64.ActiveCfg = Release|x64
		{FAFAE300-AE5F-422D-B7E8-431260FD9499}.Release|x64.Build.0 = Release|x64
		{FAFAE300-AE5F-422D-B7E8-431260FD9499}.Release|x86.ActiveCfg = Release|Win32
		{FAFAE300-AE5F-422D-B7E8-431260FD9499}.Release|x86.Build.0 = Release|Win32
	EndGlobalSection
	GlobalSection(SolutionProperties) = preSolution
		HideSolutionNode = FALSE
	EndGlobalSection
	GlobalSection(ExtensibilityGlobals) = postSolution
		SolutionGuid = {55BABC00-626C-4406-8C4D-412C0C3A7766}
	EndGlobalSection
EndGlobal
